
Microsoft Visual Studio Solution File, Format Version 12.00
# Visual Studio Version 16
VisualStudioVersion = 16.0.28803.352
MinimumVisualStudioVersion = 10.0.40219.1
Project("{8BC9CEB8-8B4A-11D0-8D11-00A0C91BC942}") = "polymorphism", "polymorphism.vcxproj", "{4D842067-37F7-4C43-8922-EF6B144D8FAA}"
EndProject
Global
	GlobalSection(SolutionConfigurationPlatforms) = preSolution
		Debug|x64 = Debug|x64
		Debug|x86 = Debug|x86
		Release|x64 = Release|x64
		Release|x86 = Release|x86
	EndGlobalSection
	GlobalSection(ProjectConfigurationPlatforms) = postSolution
		{4D842067-37F7-4C43-8922-EF6B144D8FAA}.Debug|x64.ActiveCfg = Debug|x64
		{4D842067-37F7-4C43-8922-EF6B144D8FAA}.Debug|x64.Build.0 = Debug|x64
		{4D842067-37F7-4C43-8922-EF6B144D8FAA}.Debug|x86.ActiveCfg = Debug|Win32
		{4D842067-37F7-4C43-8922-EF6B144D8FAA}.Debug|x86.Build.0 = Debug|Win32
		{4D842067-37F7-4C43-8922-EF6B144D8FAA}.Release|x64.ActiveCfg = Release|x64
		{4D842067-37F7-4C43-8922-EF6B144D8FAA}.Release|x64.Build.0 = Release|x64
		{4D842067-37F7-4C43-8922-EF6B144D8FAA}.Release|x86.ActiveCfg = Release|Win32
		{4D842067-37F7-4C43-8922-EF6B144D8FAA}.Release|x86.Build.0 = Release|Win32
	EndGlobalSection
	GlobalSection(SolutionProperties) = preSolution
		HideSolutionNode = FALSE
	EndGlobalSection
	GlobalSection(ExtensibilityGlobals) = postSolution
		SolutionGuid = {EAD8032B-7364-4952-B21D-E379BA2E3DDE}
	EndGlobalSection
EndGlobal
